{
  "nodes": {
    "flake-parts": {
      "inputs": {
        "nixpkgs-lib": "nixpkgs-lib"
      },
      "locked": {
        "lastModified": 1777678872,
        "narHash": "sha256-EPIFsulyon7Z1vLQq5Fk64GR8L7cQsT+IPhcsukVbgk=",
        "owner": "hercules-ci",
        "repo": "flake-parts",
        "rev": "5250617bffd85403b14dbf43c3870e7f255d2c16",
        "type": "github"
      },
      "original": {
        "owner": "hercules-ci",
        "repo": "flake-parts",
        "type": "github"
      }
    },
    "nixpkgs": {
      "locked": {
        "lastModified": 1779971959,
        "narHash": "sha256-R5nauXyqyfRUFiZycFFZdkF7wl6eaUpPLst35+2nJQY=",
        "owner": "NixOS",
        "repo": "nixpkgs",
        "rev": "ec942ba042dad5ef097e2ef3a3effc034241f011",
        "type": "github"
      },
      "original": {
        "id": "nixpkgs",
        "ref": "nixos-26.05",
        "type": "indirect"
      }
    },
    "nixpkgs-lib": {
      "locked": {
        "lastModified": 1777168982,
        "narHash": "sha256-GOkGPcboWE9BmGCRMLX3worL4EMnsnG8MyKmXNeYuhQ=",
        "owner": "nix-community",
        "repo": "nixpkgs.lib",
        "rev": "f5901329dade4a6ea039af1433fb087bd9c1fe14",
        "type": "github"
      },
      "original": {
        "owner": "nix-community",
        "repo": "nixpkgs.lib",
        "type": "github"
      }
    },
    "rocq-utils": {
      "inputs": {
        "flake-parts": [
          "trakt",
          "flake-parts"
        ],
        "nixpkgs": [
          "trakt",
          "nixpkgs"
        ]
      },
      "locked": {
        "lastModified": 1783156736,
        "narHash": "sha256-CoczQ8EwKQBodMk0v0Q2aAyJYR5dRqCI70hUtQq1ptA=",
        "ref": "refs/heads/main",
        "rev": "6f5f41669791dee1adf8ce68028759761b7a63cb",
        "revCount": 1,
        "type": "git",
        "url": "https://codeberg.org/lafeychine/rocq-utils"
      },
      "original": {
        "type": "git",
        "url": "https://codeberg.org/lafeychine/rocq-utils"
      }
    },
    "root": {
      "inputs": {
        "flake-parts": [
          "trakt",
          "flake-parts"
        ],
        "nixpkgs": [
          "trakt",
          "nixpkgs"
        ],
        "trakt": "trakt"
      }
    },
    "trakt": {
      "inputs": {
        "flake-parts": "flake-parts",
        "nixpkgs": "nixpkgs",
        "rocq-utils": "rocq-utils"
      },
      "locked": {
        "lastModified": 1783497925,
        "narHash": "sha256-+YDl+vEAkcT62cswJktxgYm+yyjd+LRUc544U0oroDg=",
        "owner": "rocq-trakt",
        "repo": "trakt",
        "rev": "541529d762bd2aecfb256af589e37690bc382e23",
        "type": "github"
      },
      "original": {
        "owner": "rocq-trakt",
        "ref": "nix-overlay-reusage",
        "repo": "trakt",
        "type": "github"
      }
    }
  },
  "root": "root",
  "version": 7
}
